{
  "name": "typescript-action",
  "version": "0.0.1",
  "lockfileVersion": 1,
  "requires": true,
  "dependencies": {
    "@actions/core": {
      "version": "1.2.7",
      "resolved": "https://npm.generalmills.com/artifactory/api/npm/npm-virtual/@actions/core/-/core-1.2.7.tgz",
      "integrity": "sha1-WU+MRbIT8BRuS+ftqK5c9OGY5as="
    },
    "@actions/github": {
      "version": "4.0.0",
      "resolved": "https://npm.generalmills.com/artifactory/api/npm/npm-virtual/@actions/github/-/github-4.0.0.tgz",
      "integrity": "sha1-1SBIMVGiv10tyc0PIPmsOi5FiBY=",
      "requires": {
        "@actions/http-client": "^1.0.8",
        "@octokit/core": "^3.0.0",
        "@octokit/plugin-paginate-rest": "^2.2.3",
        "@octokit/plugin-rest-endpoint-methods": "^4.0.0"
      }
    },
    "@actions/http-client": {
      "version": "1.0.11",
      "resolved": "https://npm.generalmills.com/artifactory/api/npm/npm-virtual/@actions/http-client/-/http-client-1.0.11.tgz",
      "integrity": "sha1-xYsS6aqLFZ7jnn3Wy9DpHZBWM8A=",
      "requires": {
        "tunnel": "0.0.6"
      }
    },
    "@octokit/auth-token": {
      "version": "2.4.5",
      "resolved": "https://npm.generalmills.com/artifactory/api/npm/npm-virtual/@octokit/auth-token/-/auth-token-2.4.5.tgz",
      "integrity": "sha1-VozPuMtG82RB+sCUzjT3qHWxl/M=",
      "requires": {
        "@octokit/types": "^6.0.3"
      }
    },
    "@octokit/core": {
      "version": "3.4.0",
      "resolved": "https://npm.generalmills.com/artifactory/api/npm/npm-virtual/@octokit/core/-/core-3.4.0.tgz",
      "integrity": "sha1-tIqifXVbM5/nVQVIs0DcwrUTt0I=",
      "requires": {
        "@octokit/auth-token": "^2.4.4",
        "@octokit/graphql": "^4.5.8",
        "@octokit/request": "^5.4.12",
        "@octokit/request-error": "^2.0.5",
        "@octokit/types": "^6.0.3",
        "before-after-hook": "^2.2.0",
        "universal-user-agent": "^6.0.0"
      }
    },
    "@octokit/endpoint": {
      "version": "6.0.11",
      "resolved": "https://npm.generalmills.com/artifactory/api/npm/npm-virtual/@octokit/endpoint/-/endpoint-6.0.11.tgz",
      "integrity": "sha1-CCrcKuvKbc76H7OD9e+z7QgZSdE=",
      "requires": {
        "@octokit/types": "^6.0.3",
        "is-plain-object": "^5.0.0",
        "universal-user-agent": "^6.0.0"
      }
    },
    "@octokit/graphql": {
      "version": "4.6.1",
      "resolved": "https://npm.generalmills.com/artifactory/api/npm/npm-virtual/@octokit/graphql/-/graphql-4.6.1.tgz",
      "integrity": "sha1-+XVIakbJS32+WKDKdRk17cfjLMk=",
      "requires": {
        "@octokit/request": "^5.3.0",
        "@octokit/types": "^6.0.3",
        "universal-user-agent": "^6.0.0"
      }
    },
    "@octokit/openapi-types": {
      "version": "7.0.0",
      "resolved": "https://npm.generalmills.com/artifactory/api/npm/npm-virtual/@octokit/openapi-types/-/openapi-types-7.0.0.tgz",
      "integrity": "sha1-D2mS25hUrxXsp31xqw7H+tLyBBE="
    },
    "@octokit/plugin-paginate-rest": {
      "version": "2.13.3",
      "resolved": "https://npm.generalmills.com/artifactory/api/npm/npm-virtual/@octokit/plugin-paginate-rest/-/plugin-paginate-rest-2.13.3.tgz",
      "integrity": "sha1-8PF5IjCAUQh2LYeQb7AtVzueBwo=",
      "requires": {
        "@octokit/types": "^6.11.0"
      }
    },
    "@octokit/plugin-rest-endpoint-methods": {
      "version": "4.15.1",
      "resolved": "https://npm.generalmills.com/artifactory/api/npm/npm-virtual/@octokit/plugin-rest-endpoint-methods/-/plugin-rest-endpoint-methods-4.15.1.tgz",
      "integrity": "sha1-kaBkvumdD/zvdKBDV+HPFcJ9HNA=",
      "requires": {
        "@octokit/types": "^6.13.0",
        "deprecation": "^2.3.1"
      }
    },
    "@octokit/request": {
      "version": "5.4.15",
      "resolved": "https://npm.generalmills.com/artifactory/api/npm/npm-virtual/@octokit/request/-/request-5.4.15.tgz",
      "integrity": "sha1-gp2kE9x906peLNuxx9Dr4fFGoSg=",
      "requires": {
        "@octokit/endpoint": "^6.0.1",
        "@octokit/request-error": "^2.0.0",
        "@octokit/types": "^6.7.1",
        "is-plain-object": "^5.0.0",
        "node-fetch": "^2.6.1",
        "universal-user-agent": "^6.0.0"
      }
    },
    "@octokit/request-error": {
      "version": "2.0.5",
      "resolved": "https://npm.generalmills.com/artifactory/api/npm/npm-virtual/@octokit/request-error/-/request-error-2.0.5.tgz",
      "integrity": "sha1-csyR7chwKBrVg6QmGSVrOAxgAUM=",
      "requires": {
        "@octokit/types": "^6.0.3",
        "deprecation": "^2.0.0",
        "once": "^1.4.0"
      }
    },
    "@octokit/types": {
      "version": "6.14.2",
      "resolved": "https://npm.generalmills.com/artifactory/api/npm/npm-virtual/@octokit/types/-/types-6.14.2.tgz",
      "integrity": "sha1-ZMlFfzj7hSK9u6PIzIFFkKLWG/U=",
      "requires": {
        "@octokit/openapi-types": "^7.0.0"
      }
    },
    "@types/node": {
      "version": "14.14.44",
      "resolved": "https://npm.generalmills.com/artifactory/api/npm/npm-virtual/@types/node/-/node-14.14.44.tgz",
      "integrity": "sha1-33UD5gAoR7g0NxwASzclKfP4UhU=",
      "dev": true
    },
    "@vercel/ncc": {
      "version": "0.25.1",
      "resolved": "https://npm.generalmills.com/artifactory/api/npm/npm-virtual/@vercel/ncc/-/ncc-0.25.1.tgz",
      "integrity": "sha1-pKrNtQisSW/Axjo8MgPXAKYZzA4=",
      "dev": true
    },
    "before-after-hook": {
      "version": "2.2.1",
      "resolved": "https://npm.generalmills.com/artifactory/api/npm/npm-virtual/before-after-hook/-/before-after-hook-2.2.1.tgz",
      "integrity": "sha1-c1QFY1WGh1hrUu0hfa1qgCqxVJw="
    },
    "deprecation": {
      "version": "2.3.1",
      "resolved": "https://npm.generalmills.com/artifactory/api/npm/npm-virtual/deprecation/-/deprecation-2.3.1.tgz",
      "integrity": "sha1-Y2jL20Cr8zc7UlrIfkomDDpwCRk="
    },
    "is-plain-object": {
      "version": "5.0.0",
      "resolved": "https://npm.generalmills.com/artifactory/api/npm/npm-virtual/is-plain-object/-/is-plain-object-5.0.0.tgz",
      "integrity": "sha1-RCf1CrNCnpAl6n1S6QQ6nvQVk0Q="
    },
    "node-fetch": {
      "version": "2.6.1",
      "resolved": "https://npm.generalmills.com/artifactory/api/npm/npm-virtual/node-fetch/-/node-fetch-2.6.1.tgz",
      "integrity": "sha1-BFvTI2Mfdu0uK1VXM5RBa2OaAFI="
    },
    "once": {
      "version": "1.4.0",
      "resolved": "https://npm.generalmills.com/artifactory/api/npm/npm-virtual/once/-/once-1.4.0.tgz",
      "integrity": "sha1-WDsap3WWHUsROsF9nFC6753Xa9E=",
      "requires": {
        "wrappy": "1"
      }
    },
    "tunnel": {
      "version": "0.0.6",
      "resolved": "https://npm.generalmills.com/artifactory/api/npm/npm-virtual/tunnel/-/tunnel-0.0.6.tgz",
      "integrity": "sha1-cvExSzSlsZLbASMk3yzFh8pH+Sw="
    },
    "typescript": {
      "version": "4.2.4",
      "resolved": "https://npm.generalmills.com/artifactory/api/npm/npm-virtual/typescript/-/typescript-4.2.4.tgz",
      "integrity": "sha1-hhC1l0feAo/aiYqK7w4QPxVtCWE=",
      "dev": true
    },
    "universal-user-agent": {
      "version": "6.0.0",
      "resolved": "https://npm.generalmills.com/artifactory/api/npm/npm-virtual/universal-user-agent/-/universal-user-agent-6.0.0.tgz",
      "integrity": "sha1-M4H4UDslHA2c0hvB3pOeyd9UgO4="
    },
    "wrappy": {
      "version": "1.0.2",
      "resolved": "https://npm.generalmills.com/artifactory/api/npm/npm-virtual/wrappy/-/wrappy-1.0.2.tgz",
      "integrity": "sha1-tSQ9jz7BqjXxNkYFvA0QNuMKtp8="
    }
  }
}
